{
  "name": "basic-monorepo",
  "version": "1.0.0",
  "lockfileVersion": 2,
  "requires": true,
  "packages": {
    "": {
      "name": "basic-monorepo",
      "version": "1.0.0",
      "license": "ISC",
      "workspaces": {
        "packages": [
          "packages/*"
        ],
        "nohoist": [
          "**/lodash",
          "**/lodash/**"
        ]
      }
    },
    "node_modules/lodash": {
      "version": "4.17.21",
      "resolved": "https://registry.npmjs.org/lodash/-/lodash-4.17.21.tgz",
      "integrity": "sha512-v2kDEe57lecTulaDIuNTPy3Ry4gLGJ6Z1O3vE1krgXZNrsQ+LFTGHVxVjcXPs17LhbZVGedAJv8XZ1tvj5FvSg=="
    },
    "node_modules/module-a": {
      "resolved": "packages/module-a",
      "link": true
    },
    "node_modules/module-b": {
      "resolved": "packages/module-b",
      "link": true
    },
    "node_modules/module-c": {
      "resolved": "packages/module-c",
      "link": true
    },
    "packages/module-a": {
      "version": "1.0.0",
      "license": "ISC",
      "dependencies": {
        "lodash": "^4.17.21"
      }
    },
    "packages/module-b": {
      "version": "1.0.0",
      "license": "ISC",
      "dependencies": {
        "lodash": "^4.17.21"
      },
      "bin": {
        "module-bsc": "index.js"
      }
    },
    "packages/module-c": {
      "version": "1.0.0",
      "license": "ISC",
      "dependencies": {
        "lodash": "4.5"
      },
      "bin": {
        "module-c": "index.js"
      }
    },
    "packages/module-c/node_modules/lodash": {
      "version": "4.5.1",
      "resolved": "https://registry.npmjs.org/lodash/-/lodash-4.5.1.tgz",
      "integrity": "sha512-N6UtfG+knq6dx13HVBHXsSagpSAQsTM8GHAv//TNcEMPc1ayGEb8wcAUvNWx0x3Xpd7PTP6hhe6AoNeIiq/IYA=="
    }
  },
  "dependencies": {
    "lodash": {
      "version": "4.17.21",
      "resolved": "https://registry.npmjs.org/lodash/-/lodash-4.17.21.tgz",
      "integrity": "sha512-v2kDEe57lecTulaDIuNTPy3Ry4gLGJ6Z1O3vE1krgXZNrsQ+LFTGHVxVjcXPs17LhbZVGedAJv8XZ1tvj5FvSg=="
    },
    "module-a": {
      "version": "file:packages/module-a",
      "requires": {
        "lodash": "^4.17.21"
      }
    },
    "module-b": {
      "version": "file:packages/module-b",
      "requires": {
        "lodash": "^4.17.21"
      }
    },
    "module-c": {
      "version": "file:packages/module-c",
      "requires": {
        "lodash": "4.5"
      },
      "dependencies": {
        "lodash": {
          "version": "4.5.1",
          "resolved": "https://registry.npmjs.org/lodash/-/lodash-4.5.1.tgz",
          "integrity": "sha512-N6UtfG+knq6dx13HVBHXsSagpSAQsTM8GHAv//TNcEMPc1ayGEb8wcAUvNWx0x3Xpd7PTP6hhe6AoNeIiq/IYA=="
        }
      }
    }
  }
}
